{
  "name": "小葩姐去水印",
  "lockfileVersion": 3,
  "requires": true,
  "packages": {
    "": { "dependencies": { "wx-oss-upload": "^1.0.4" } },
    "node_modules/crypto-js": {
      "version": "4.1.1",
      "resolved": "https://registry.npmjs.org/crypto-js/-/crypto-js-4.1.1.tgz",
      "integrity": "sha512-o2JlM7ydqd3Qk9CA0L4NL6mTzU2sdx96a+oOfPu8Mkl/PK51vSyoi8/rQ8NknZtk44vq15lmhAj9CIAGwgeWKw\x3d\x3d"
    },
    "node_modules/wx-oss-upload": {
      "version": "1.0.4",
      "resolved": "https://registry.npmjs.org/wx-oss-upload/-/wx-oss-upload-1.0.4.tgz",
      "integrity": "sha512-c6gEMbJKTH8OlhPGBeguQ8J3GrJICrlPycrsyhay6celTl9Urb72Df32/uQQYOgJBqAiM7/NlItCc0214r6R/Q\x3d\x3d",
      "dependencies": { "crypto-js": "^4.1.1" }
    }
  }
}
